
Microsoft Visual Studio Solution File, Format Version 12.00
# Visual Studio Express 15 for Windows Desktop
VisualStudioVersion = 15.0.27703.2047
MinimumVisualStudioVersion = 10.0.40219.1
Project("{FAE04EC0-301F-11D3-BF4B-00C04F79EFBC}") = "FraseV1", "FraseV1\FraseV1.csproj", "{3E42D020-851A-400E-A71C-10A7F95ECB87}"
EndProject
Global
	GlobalSection(SolutionConfigurationPlatforms) = preSolution
		Debug|Any CPU = Debug|Any CPU
		Release|Any CPU = Release|Any CPU
	EndGlobalSection
	GlobalSection(ProjectConfigurationPlatforms) = postSolution
		{3E42D020-851A-400E-A71C-10A7F95ECB87}.Debug|Any CPU.ActiveCfg = Debug|Any CPU
		{3E42D020-851A-400E-A71C-10A7F95ECB87}.Debug|Any CPU.Build.0 = Debug|Any CPU
		{3E42D020-851A-400E-A71C-10A7F95ECB87}.Release|Any CPU.ActiveCfg = Release|Any CPU
		{3E42D020-851A-400E-A71C-10A7F95ECB87}.Release|Any CPU.Build.0 = Release|Any CPU
	EndGlobalSection
	GlobalSection(SolutionProperties) = preSolution
		HideSolutionNode = FALSE
	EndGlobalSection
	GlobalSection(ExtensibilityGlobals) = postSolution
		SolutionGuid = {6ABD417F-0D4D-4CA7-ACC4-8EB78FB310DD}
	EndGlobalSection
EndGlobal
